
Microsoft Visual Studio Solution File, Format Version 12.00
# Visual Studio Version 17
VisualStudioVersion = 17.13.35828.75 d17.13
MinimumVisualStudioVersion = 10.0.40219.1
Project("{FAE04EC0-301F-11D3-BF4B-00C04F79EFBC}") = "TaskMate", "TaskMate\TaskMate.csproj", "{D3C4D61D-E7F3-4FCD-95AD-817F105A5288}"
EndProject
Global
	GlobalSection(SolutionConfigurationPlatforms) = preSolution
		Debug|Any CPU = Debug|Any CPU
		Release|Any CPU = Release|Any CPU
	EndGlobalSection
	GlobalSection(ProjectConfigurationPlatforms) = postSolution
		{D3C4D61D-E7F3-4FCD-95AD-817F105A5288}.Debug|Any CPU.ActiveCfg = Debug|Any CPU
		{D3C4D61D-E7F3-4FCD-95AD-817F105A5288}.Debug|Any CPU.Build.0 = Debug|Any CPU
		{D3C4D61D-E7F3-4FCD-95AD-817F105A5288}.Release|Any CPU.ActiveCfg = Release|Any CPU
		{D3C4D61D-E7F3-4FCD-95AD-817F105A5288}.Release|Any CPU.Build.0 = Release|Any CPU
	EndGlobalSection
	GlobalSection(SolutionProperties) = preSolution
		HideSolutionNode = FALSE
	EndGlobalSection
	GlobalSection(ExtensibilityGlobals) = postSolution
		SolutionGuid = {9283AD35-A1D9-46CD-8BA6-4CF4E0AD164E}
	EndGlobalSection
EndGlobal
